{
  "name": "smallmodulelibrary",
  "version": "1.0.0",
  "lockfileVersion": 1,
  "requires": true,
  "dependencies": {
    "@vant/weapp": {
      "version": "1.9.1",
      "resolved": "https://registry.npmmirror.com/@vant/weapp/download/@vant/weapp-1.9.1.tgz",
      "integrity": "sha1-pJAmIDFWhhLdR2bvBOHaZr7uMkE="
    },
    "mp-html": {
      "version": "2.2.0",
      "resolved": "https://registry.npmjs.org/mp-html/-/mp-html-2.2.0.tgz",
      "integrity": "sha512-fl6IKR1vQ+yDyaA2WUKXarSyEUkbubOZBsTJMM1w7oOCvUJDe4s8g69giOiB5iaT/+tpRDmAxfBYUP6EwgLwpQ=="
    }
  }
}
